
Microsoft Visual Studio Solution File, Format Version 12.00
# Visual Studio Version 17
VisualStudioVersion = 17.5.33516.290
MinimumVisualStudioVersion = 10.0.40219.1
Project("{9A19103F-16F7-4668-BE54-9A1E7A4F7556}") = "HotelListing.Domain", "HotelListing.Data\HotelListing.Domain.csproj", "{AB7BCF82-370C-4C8D-AF1D-FD21B5C998FB}"
EndProject
Project("{9A19103F-16F7-4668-BE54-9A1E7A4F7556}") = "HotelListing.Application", "HotelListing.Application\HotelListing.Application.csproj", "{0122AEAB-7689-4EBF-A617-76B445D7625C}"
EndProject
Project("{9A19103F-16F7-4668-BE54-9A1E7A4F7556}") = "HotelListing.API", "HotelListing.API\HotelListing.API.csproj", "{454E5F02-B7CD-464F-8423-FFB960715827}"
EndProject
Global
	GlobalSection(SolutionConfigurationPlatforms) = preSolution
		Debug|Any CPU = Debug|Any CPU
		Release|Any CPU = Release|Any CPU
	EndGlobalSection
	GlobalSection(ProjectConfigurationPlatforms) = postSolution
		{AB7BCF82-370C-4C8D-AF1D-FD21B5C998FB}.Debug|Any CPU.ActiveCfg = Debug|Any CPU
		{AB7BCF82-370C-4C8D-AF1D-FD21B5C998FB}.Debug|Any CPU.Build.0 = Debug|Any CPU
		{AB7BCF82-370C-4C8D-AF1D-FD21B5C998FB}.Release|Any CPU.ActiveCfg = Release|Any CPU
		{AB7BCF82-370C-4C8D-AF1D-FD21B5C998FB}.Release|Any CPU.Build.0 = Release|Any CPU
		{0122AEAB-7689-4EBF-A617-76B445D7625C}.Debug|Any CPU.ActiveCfg = Debug|Any CPU
		{0122AEAB-7689-4EBF-A617-76B445D7625C}.Debug|Any CPU.Build.0 = Debug|Any CPU
		{0122AEAB-7689-4EBF-A617-76B445D7625C}.Release|Any CPU.ActiveCfg = Release|Any CPU
		{0122AEAB-7689-4EBF-A617-76B445D7625C}.Release|Any CPU.Build.0 = Release|Any CPU
		{454E5F02-B7CD-464F-8423-FFB960715827}.Debug|Any CPU.ActiveCfg = Debug|Any CPU
		{454E5F02-B7CD-464F-8423-FFB960715827}.Debug|Any CPU.Build.0 = Debug|Any CPU
		{454E5F02-B7CD-464F-8423-FFB960715827}.Release|Any CPU.ActiveCfg = Release|Any CPU
		{454E5F02-B7CD-464F-8423-FFB960715827}.Release|Any CPU.Build.0 = Release|Any CPU
	EndGlobalSection
	GlobalSection(SolutionProperties) = preSolution
		HideSolutionNode = FALSE
	EndGlobalSection
	GlobalSection(ExtensibilityGlobals) = postSolution
		SolutionGuid = {5A2E74E4-D1BE-4962-AD90-FEB07CA139BD}
	EndGlobalSection
EndGlobal
